{
  "name": "timeoutify-vs-signal",
  "version": "0.0.1",
  "lockfileVersion": 3,
  "requires": true,
  "packages": {
    "": {
      "name": "timeoutify-vs-signal",
      "version": "0.0.1",
      "license": "MIT",
      "dependencies": {
        "metautil": "^5.2.1"
      }
    },
    "node_modules/metautil": {
      "version": "5.2.1",
      "resolved": "https://registry.npmjs.org/metautil/-/metautil-5.2.1.tgz",
      "integrity": "sha512-SHW8SupYKQLfc95UfzAELWx5uiVizgWqH039w10CSuTln/2l3nYcB8U+dHduirdRH9FLPsSzb2obNAndKnPByg==",
      "engines": {
        "node": "18 || 20 || 21"
      },
      "funding": {
        "type": "patreon",
        "url": "https://www.patreon.com/tshemsedinov"
      }
    }
  }
}
